
Microsoft Visual Studio Solution File, Format Version 12.00
# Visual Studio Version 17
VisualStudioVersion = 17.9.34723.18
MinimumVisualStudioVersion = 10.0.40219.1
Project("{FAE04EC0-301F-11D3-BF4B-00C04F79EFBC}") = "Pract6_1", "Pract6\Pract6_1.csproj", "{C259EFF2-84F2-4CA3-B799-92B04FE8AAD0}"
EndProject
Project("{FAE04EC0-301F-11D3-BF4B-00C04F79EFBC}") = "Pract6_2", "Pract6_2\Pract6_2.csproj", "{D77ED1A8-C987-402F-8DC2-99796EA94697}"
EndProject
Global
	GlobalSection(SolutionConfigurationPlatforms) = preSolution
		Debug|Any CPU = Debug|Any CPU
		Release|Any CPU = Release|Any CPU
	EndGlobalSection
	GlobalSection(ProjectConfigurationPlatforms) = postSolution
		{C259EFF2-84F2-4CA3-B799-92B04FE8AAD0}.Debug|Any CPU.ActiveCfg = Debug|Any CPU
		{C259EFF2-84F2-4CA3-B799-92B04FE8AAD0}.Debug|Any CPU.Build.0 = Debug|Any CPU
		{C259EFF2-84F2-4CA3-B799-92B04FE8AAD0}.Release|Any CPU.ActiveCfg = Release|Any CPU
		{C259EFF2-84F2-4CA3-B799-92B04FE8AAD0}.Release|Any CPU.Build.0 = Release|Any CPU
		{D77ED1A8-C987-402F-8DC2-99796EA94697}.Debug|Any CPU.ActiveCfg = Debug|Any CPU
		{D77ED1A8-C987-402F-8DC2-99796EA94697}.Debug|Any CPU.Build.0 = Debug|Any CPU
		{D77ED1A8-C987-402F-8DC2-99796EA94697}.Release|Any CPU.ActiveCfg = Release|Any CPU
		{D77ED1A8-C987-402F-8DC2-99796EA94697}.Release|Any CPU.Build.0 = Release|Any CPU
	EndGlobalSection
	GlobalSection(SolutionProperties) = preSolution
		HideSolutionNode = FALSE
	EndGlobalSection
	GlobalSection(ExtensibilityGlobals) = postSolution
		SolutionGuid = {FD45DC88-DC91-49A7-B085-CBF493E77902}
	EndGlobalSection
EndGlobal
